// !$*UTF8*$!
{
	archiveVersion = 1;
	classes = {
	};
	objectVersion = 50;
	objects = {

/* Begin PBXBuildFile section */
		C400B70D26F230BC003FED8E /* DetailsViewController.swift in Sources */ = {isa = PBXBuildFile; fileRef = C400B70C26F230BC003FED8E /* DetailsViewController.swift */; };
		C400B71326F2368E003FED8E /* TopicTableViewCell.swift in Sources */ = {isa = PBXBuildFile; fileRef = C400B71126F2368E003FED8E /* TopicTableViewCell.swift */; };
		C400B71426F2368E003FED8E /* TopicTableViewCell.xib in Resources */ = {isa = PBXBuildFile; fileRef = C400B71226F2368E003FED8E /* TopicTableViewCell.xib */; };
		C4D932DA26EBD67A00642F28 /* AppDelegate.swift in Sources */ = {isa = PBXBuildFile; fileRef = C4D932D926EBD67A00642F28 /* AppDelegate.swift */; };
		C4D932DC26EBD67A00642F28 /* SceneDelegate.swift in Sources */ = {isa = PBXBuildFile; fileRef = C4D932DB26EBD67A00642F28 /* SceneDelegate.swift */; };
		C4D932E126EBD67A00642F28 /* Main.storyboard in Resources */ = {isa = PBXBuildFile; fileRef = C4D932DF26EBD67A00642F28 /* Main.storyboard */; };
		C4D932E326EBD67D00642F28 /* Assets.xcassets in Resources */ = {isa = PBXBuildFile; fileRef = C4D932E226EBD67D00642F28 /* Assets.xcassets */; };
		C4D932E626EBD67D00642F28 /* LaunchScreen.storyboard in Resources */ = {isa = PBXBuildFile; fileRef = C4D932E426EBD67D00642F28 /* LaunchScreen.storyboard */; };
		C4D932EE26EBD73C00642F28 /* HomeViewController.swift in Sources */ = {isa = PBXBuildFile; fileRef = C4D932ED26EBD73C00642F28 /* HomeViewController.swift */; };
/* End PBXBuildFile section */

/* Begin PBXFileReference section */
		C400B70C26F230BC003FED8E /* DetailsViewController.swift */ = {isa = PBXFileReference; lastKnownFileType = sourcecode.swift; path = DetailsViewController.swift; sourceTree = "<group>"; };
		C400B71126F2368E003FED8E /* TopicTableViewCell.swift */ = {isa = PBXFileReference; lastKnownFileType = sourcecode.swift; path = TopicTableViewCell.swift; sourceTree = "<group>"; };
		C400B71226F2368E003FED8E /* TopicTableViewCell.xib */ = {isa = PBXFileReference; lastKnownFileType = file.xib; path = TopicTableViewCell.xib; sourceTree = "<group>"; };
		C4D932D626EBD67A00642F28 /* Week01.app */ = {isa = PBXFileReference; explicitFileType = wrapper.application; includeInIndex = 0; path = Week01.app; sourceTree = BUILT_PRODUCTS_DIR; };
		C4D932D926EBD67A00642F28 /* AppDelegate.swift */ = {isa = PBXFileReference; lastKnownFileType = sourcecode.swift; path = AppDelegate.swift; sourceTree = "<group>"; };
		C4D932DB26EBD67A00642F28 /* SceneDelegate.swift */ = {isa = PBXFileReference; lastKnownFileType = sourcecode.swift; path = SceneDelegate.swift; sourceTree = "<group>"; };
		C4D932E026EBD67A00642F28 /* Base */ = {isa = PBXFileReference; lastKnownFileType = file.storyboard; name = Base; path = Base.lproj/Main.storyboard; sourceTree = "<group>"; };
		C4D932E226EBD67D00642F28 /* Assets.xcassets */ = {isa = PBXFileReference; lastKnownFileType = folder.assetcatalog; path = Assets.xcassets; sourceTree = "<group>"; };
		C4D932E526EBD67D00642F28 /* Base */ = {isa = PBXFileReference; lastKnownFileType = file.storyboard; name = Base; path = Base.lproj/LaunchScreen.storyboard; sourceTree = "<group>"; };
		C4D932E726EBD67D00642F28 /* Info.plist */ = {isa = PBXFileReference; lastKnownFileType = text.plist.xml; path = Info.plist; sourceTree = "<group>"; };
		C4D932ED26EBD73C00642F28 /* HomeViewController.swift */ = {isa = PBXFileReference; lastKnownFileType = sourcecode.swift; path = HomeViewController.swift; sourceTree = "<group>"; };
/* End PBXFileReference section */

/* Begin PBXFrameworksBuildPhase section */
		C4D932D326EBD67A00642F28 /* Frameworks */ = {
			isa = PBXFrameworksBuildPhase;
			buildActionMask = 2147483647;
			files = (
			);
			runOnlyForDeploymentPostprocessing = 0;
		};
/* End PBXFrameworksBuildPhase section */

/* Begin PBXGroup section */
		C400B70E26F234D6003FED8E /* controller */ = {
			isa = PBXGroup;
			children = (
				C4D932ED26EBD73C00642F28 /* HomeViewController.swift */,
				C400B70C26F230BC003FED8E /* DetailsViewController.swift */,
			);
			path = controller;
			sourceTree = "<group>";
		};
		C400B70F26F234E6003FED8E /* resource */ = {
			isa = PBXGroup;
			children = (
				C4D932E226EBD67D00642F28 /* Assets.xcassets */,
				C4D932DF26EBD67A00642F28 /* Main.storyboard */,
				C4D932E426EBD67D00642F28 /* LaunchScreen.storyboard */,
			);
			path = resource;
			sourceTree = "<group>";
		};
		C400B71026F23660003FED8E /* cell */ = {
			isa = PBXGroup;
			children = (
				C400B71126F2368E003FED8E /* TopicTableViewCell.swift */,
				C400B71226F2368E003FED8E /* TopicTableViewCell.xib */,
			);
			path = cell;
			sourceTree = "<group>";
		};
		C4D932CD26EBD67A00642F28 = {
			isa = PBXGroup;
			children = (
				C4D932D826EBD67A00642F28 /* Week01 */,
				C4D932D726EBD67A00642F28 /* Products */,
			);
			sourceTree = "<group>";
		};
		C4D932D726EBD67A00642F28 /* Products */ = {
			isa = PBXGroup;
			children = (
				C4D932D626EBD67A00642F28 /* Week01.app */,
			);
			name = Products;
			sourceTree = "<group>";
		};
		C4D932D826EBD67A00642F28 /* Week01 */ = {
			isa = PBXGroup;
			children = (
				C400B71026F23660003FED8E /* cell */,
				C400B70F26F234E6003FED8E /* resource */,
				C400B70E26F234D6003FED8E /* controller */,
				C4D932D926EBD67A00642F28 /* AppDelegate.swift */,
				C4D932DB26EBD67A00642F28 /* SceneDelegate.swift */,
				C4D932E726EBD67D00642F28 /* Info.plist */,
			);
			path = Week01;
			sourceTree = "<group>";
		};
/* End PBXGroup section */

/* Begin PBXNativeTarget section */
		C4D932D526EBD67A00642F28 /* Week01 */ = {
			isa = PBXNativeTarget;
			buildConfigurationList = C4D932EA26EBD67D00642F28 /* Build configuration list for PBXNativeTarget "Week01" */;
			buildPhases = (
				C4D932D226EBD67A00642F28 /* Sources */,
				C4D932D326EBD67A00642F28 /* Frameworks */,
				C4D932D426EBD67A00642F28 /* Resources */,
			);
			buildRules = (
			);
			dependencies = (
			);
			name = Week01;
			productName = Week01;
			productReference = C4D932D626EBD67A00642F28 /* Week01.app */;
			productType = "com.apple.product-type.application";
		};
/* End PBXNativeTarget section */

/* Begin PBXProject section */
		C4D932CE26EBD67A00642F28 /* Project object */ = {
			isa = PBXProject;
			attributes = {
				LastSwiftUpdateCheck = 1250;
				LastUpgradeCheck = 1250;
				TargetAttributes = {
					C4D932D526EBD67A00642F28 = {
						CreatedOnToolsVersion = 12.5.1;
					};
				};
			};
			buildConfigurationList = C4D932D126EBD67A00642F28 /* Build configuration list for PBXProject "Week01" */;
			compatibilityVersion = "Xcode 9.3";
			developmentRegion = en;
			hasScannedForEncodings = 0;
			knownRegions = (
				en,
				Base,
			);
			mainGroup = C4D932CD26EBD67A00642F28;
			productRefGroup = C4D932D726EBD67A00642F28 /* Products */;
			projectDirPath = "";
			projectRoot = "";
			targets = (
				C4D932D526EBD67A00642F28 /* Week01 */,
			);
		};
/* End PBXProject section */

/* Begin PBXResourcesBuildPhase section */
		C4D932D426EBD67A00642F28 /* Resources */ = {
			isa = PBXResourcesBuildPhase;
			buildActionMask = 2147483647;
			files = (
				C4D932E626EBD67D00642F28 /* LaunchScreen.storyboard in Resources */,
				C400B71426F2368E003FED8E /* TopicTableViewCell.xib in Resources */,
				C4D932E326EBD67D00642F28 /* Assets.xcassets in Resources */,
				C4D932E126EBD67A00642F28 /* Main.storyboard in Resources */,
			);
			runOnlyForDeploymentPostprocessing = 0;
		};
/* End PBXResourcesBuildPhase section */

/* Begin PBXSourcesBuildPhase section */
		C4D932D226EBD67A00642F28 /* Sources */ = {
			isa = PBXSourcesBuildPhase;
			buildActionMask = 2147483647;
			files = (
				C400B71326F2368E003FED8E /* TopicTableViewCell.swift in Sources */,
				C4D932DA26EBD67A00642F28 /* AppDelegate.swift in Sources */,
				C4D932DC26EBD67A00642F28 /* SceneDelegate.swift in Sources */,
				C4D932EE26EBD73C00642F28 /* HomeViewController.swift in Sources */,
				C400B70D26F230BC003FED8E /* DetailsViewController.swift in Sources */,
			);
			runOnlyForDeploymentPostprocessing = 0;
		};
/* End PBXSourcesBuildPhase section */

/* Begin PBXVariantGroup section */
		C4D932DF26EBD67A00642F28 /* Main.storyboard */ = {
			isa = PBXVariantGroup;
			children = (
				C4D932E026EBD67A00642F28 /* Base */,
			);
			name = Main.storyboard;
			sourceTree = "<group>";
		};
		C4D932E426EBD67D00642F28 /* LaunchScreen.storyboard */ = {
			isa = PBXVariantGroup;
			children = (
				C4D932E526EBD67D00642F28 /* Base */,
			);
			name = LaunchScreen.storyboard;
			sourceTree = "<group>";
		};
/* End PBXVariantGroup section */

/* Begin XCBuildConfiguration section */
		C4D932E826EBD67D00642F28 /* Debug */ = {
			isa = XCBuildConfiguration;
			buildSettings = {
				ALWAYS_SEARCH_USER_PATHS = NO;
				CLANG_ANALYZER_NONNULL = YES;
				CLANG_ANALYZER_NUMBER_OBJECT_CONVERSION = YES_AGGRESSIVE;
				CLANG_CXX_LANGUAGE_STANDARD = "gnu++14";
				CLANG_CXX_LIBRARY = "libc++";
				CLANG_ENABLE_MODULES = YES;
				CLANG_ENABLE_OBJC_ARC = YES;
				CLANG_ENABLE_OBJC_WEAK = YES;
				CLANG_WARN_BLOCK_CAPTURE_AUTORELEASING = YES;
				CLANG_WARN_BOOL_CONVERSION = YES;
				CLANG_WARN_COMMA = YES;
				CLANG_WARN_CONSTANT_CONVERSION = YES;
				CLANG_WARN_DEPRECATED_OBJC_IMPLEMENTATIONS = YES;
				CLANG_WARN_DIRECT_OBJC_ISA_USAGE = YES_ERROR;
				CLANG_WARN_DOCUMENTATION_COMMENTS = YES;
				CLANG_WARN_EMPTY_BODY = YES;
				CLANG_WARN_ENUM_CONVERSION = YES;
				CLANG_WARN_INFINITE_RECURSION = YES;
				CLANG_WARN_INT_CONVERSION = YES;
				CLANG_WARN_NON_LITERAL_NULL_CONVERSION = YES;
				CLANG_WARN_OBJC_IMPLICIT_RETAIN_SELF = YES;
				CLANG_WARN_OBJC_LITERAL_CONVERSION = YES;
				CLANG_WARN_OBJC_ROOT_CLASS = YES_ERROR;
				CLANG_WARN_QUOTED_INCLUDE_IN_FRAMEWORK_HEADER = YES;
				CLANG_WARN_RANGE_LOOP_ANALYSIS = YES;
				CLANG_WARN_STRICT_PROTOTYPES = YES;
				CLANG_WARN_SUSPICIOUS_MOVE = YES;
				CLANG_WARN_UNGUARDED_AVAILABILITY = YES_AGGRESSIVE;
				CLANG_WARN_UNREACHABLE_CODE = YES;
				CLANG_WARN__DUPLICATE_METHOD_MATCH = YES;
				COPY_PHASE_STRIP = NO;
				DEBUG_INFORMATION_FORMAT = dwarf;
				ENABLE_STRICT_OBJC_MSGSEND = YES;
				ENABLE_TESTABILITY = YES;
				GCC_C_LANGUAGE_STANDARD = gnu11;
				GCC_DYNAMIC_NO_PIC = NO;
				GCC_NO_COMMON_BLOCKS = YES;
				GCC_OPTIMIZATION_LEVEL = 0;
				GCC_PREPROCESSOR_DEFINITIONS = (
					"DEBUG=1",
					"$(inherited)",
				);
				GCC_WARN_64_TO_32_BIT_CONVERSION = YES;
				GCC_WARN_ABOUT_RETURN_TYPE = YES_ERROR;
				GCC_WARN_UNDECLARED_SELECTOR = YES;
				GCC_WARN_UNINITIALIZED_AUTOS = YES_AGGRESSIVE;
				GCC_WARN_UNUSED_FUNCTION = YES;
				GCC_WARN_UNUSED_VARIABLE = YES;
				IPHONEOS_DEPLOYMENT_TARGET = 14.5;
				MTL_ENABLE_DEBUG_INFO = INCLUDE_SOURCE;
				MTL_FAST_MATH = YES;
				ONLY_ACTIVE_ARCH = YES;
				SDKROOT = iphoneos;
				SWIFT_ACTIVE_COMPILATION_CONDITIONS = DEBUG;
				SWIFT_OPTIMIZATION_LEVEL = "-Onone";
			};
			name = Debug;
		};
		C4D932E926EBD67D00642F28 /* Release */ = {
			isa = XCBuildConfiguration;
			buildSettings = {
				ALWAYS_SEARCH_USER_PATHS = NO;
				CLANG_ANALYZER_NONNULL = YES;
				CLANG_ANALYZER_NUMBER_OBJECT_CONVERSION = YES_AGGRESSIVE;
				CLANG_CXX_LANGUAGE_STANDARD = "gnu++14";
				CLANG_CXX_LIBRARY = "libc++";
				CLANG_ENABLE_MODULES = YES;
				CLANG_ENABLE_OBJC_ARC = YES;
				CLANG_ENABLE_OBJC_WEAK = YES;
				CLANG_WARN_BLOCK_CAPTURE_AUTORELEASING = YES;
				CLANG_WARN_BOOL_CONVERSION = YES;
				CLANG_WARN_COMMA = YES;
				CLANG_WARN_CONSTANT_CONVERSION = YES;
				CLANG_WARN_DEPRECATED_OBJC_IMPLEMENTATIONS = YES;
				CLANG_WARN_DIRECT_OBJC_ISA_USAGE = YES_ERROR;
				CLANG_WARN_DOCUMENTATION_COMMENTS = YES;
				CLANG_WARN_EMPTY_BODY = YES;
				CLANG_WARN_ENUM_CONVERSION = YES;
				CLANG_WARN_INFINITE_RECURSION = YES;
				CLANG_WARN_INT_CONVERSION = YES;
				CLANG_WARN_NON_LITERAL_NULL_CONVERSION = YES;
				CLANG_WARN_OBJC_IMPLICIT_RETAIN_SELF = YES;
				CLANG_WARN_OBJC_LITERAL_CONVERSION = YES;
				CLANG_WARN_OBJC_ROOT_CLASS = YES_ERROR;
				CLANG_WARN_QUOTED_INCLUDE_IN_FRAMEWORK_HEADER = YES;
				CLANG_WARN_RANGE_LOOP_ANALYSIS = YES;
				CLANG_WARN_STRICT_PROTOTYPES = YES;
				CLANG_WARN_SUSPICIOUS_MOVE = YES;
				CLANG_WARN_UNGUARDED_AVAILABILITY = YES_AGGRESSIVE;
				CLANG_WARN_UNREACHABLE_CODE = YES;
				CLANG_WARN__DUPLICATE_METHOD_MATCH = YES;
				COPY_PHASE_STRIP = NO;
				DEBUG_INFORMATION_FORMAT = "dwarf-with-dsym";
				ENABLE_NS_ASSERTIONS = NO;
				ENABLE_STRICT_OBJC_MSGSEND = YES;
				GCC_C_LANGUAGE_STANDARD = gnu11;
				GCC_NO_COMMON_BLOCKS = YES;
				GCC_WARN_64_TO_32_BIT_CONVERSION = YES;
				GCC_WARN_ABOUT_RETURN_TYPE = YES_ERROR;
				GCC_WARN_UNDECLARED_SELECTOR = YES;
				GCC_WARN_UNINITIALIZED_AUTOS = YES_AGGRESSIVE;
				GCC_WARN_UNUSED_FUNCTION = YES;
				GCC_WARN_UNUSED_VARIABLE = YES;
				IPHONEOS_DEPLOYMENT_TARGET = 14.5;
				MTL_ENABLE_DEBUG_INFO = NO;
				MTL_FAST_MATH = YES;
				SDKROOT = iphoneos;
				SWIFT_COMPILATION_MODE = wholemodule;
				SWIFT_OPTIMIZATION_LEVEL = "-O";
				VALIDATE_PRODUCT = YES;
			};
			name = Release;
		};
		C4D932EB26EBD67D00642F28 /* Debug */ = {
			isa = XCBuildConfiguration;
			buildSettings = {
				ASSETCATALOG_COMPILER_APPICON_NAME = AppIcon;
				ASSETCATALOG_COMPILER_GLOBAL_ACCENT_COLOR_NAME = AccentColor;
				CODE_SIGN_STYLE = Automatic;
				INFOPLIST_FILE = Week01/Info.plist;
				LD_RUNPATH_SEARCH_PATHS = (
					"$(inherited)",
					"@executable_path/Frameworks",
				);
				PRODUCT_BUNDLE_IDENTIFIER = io.github.zoha131.Week01;
				PRODUCT_NAME = "$(TARGET_NAME)";
				SWIFT_VERSION = 5.0;
				TARGETED_DEVICE_FAMILY = "1,2";
			};
			name = Debug;
		};
		C4D932EC26EBD67D00642F28 /* Release */ = {
			isa = XCBuildConfiguration;
			buildSettings = {
				ASSETCATALOG_COMPILER_APPICON_NAME = AppIcon;
				ASSETCATALOG_COMPILER_GLOBAL_ACCENT_COLOR_NAME = AccentColor;
				CODE_SIGN_STYLE = Automatic;
				INFOPLIST_FILE = Week01/Info.plist;
				LD_RUNPATH_SEARCH_PATHS = (
					"$(inherited)",
					"@executable_path/Frameworks",
				);
				PRODUCT_BUNDLE_IDENTIFIER = io.github.zoha131.Week01;
				PRODUCT_NAME = "$(TARGET_NAME)";
				SWIFT_VERSION = 5.0;
				TARGETED_DEVICE_FAMILY = "1,2";
			};
			name = Release;
		};
/* End XCBuildConfiguration section */

/* Begin XCConfigurationList section */
		C4D932D126EBD67A00642F28 /* Build configuration list for PBXProject "Week01" */ = {
			isa = XCConfigurationList;
			buildConfigurations = (
				C4D932E826EBD67D00642F28 /* Debug */,
				C4D932E926EBD67D00642F28 /* Release */,
			);
			defaultConfigurationIsVisible = 0;
			defaultConfigurationName = Release;
		};
		C4D932EA26EBD67D00642F28 /* Build configuration list for PBXNativeTarget "Week01" */ = {
			isa = XCConfigurationList;
			buildConfigurations = (
				C4D932EB26EBD67D00642F28 /* Debug */,
				C4D932EC26EBD67D00642F28 /* Release */,
			);
			defaultConfigurationIsVisible = 0;
			defaultConfigurationName = Release;
		};
/* End XCConfigurationList section */
	};
	rootObject = C4D932CE26EBD67A00642F28 /* Project object */;
}
